
Microsoft Visual Studio Solution File, Format Version 12.00
# Visual Studio Version 17
VisualStudioVersion = 17.9.34701.34
MinimumVisualStudioVersion = 10.0.40219.1
Project("{FAE04EC0-301F-11D3-BF4B-00C04F79EFBC}") = "webapp", "webapp.csproj", "{0746B43B-0498-4547-8120-1D0549570422}"
EndProject
Global
	GlobalSection(SolutionConfigurationPlatforms) = preSolution
		Debug|Any CPU = Debug|Any CPU
		Release|Any CPU = Release|Any CPU
	EndGlobalSection
	GlobalSection(ProjectConfigurationPlatforms) = postSolution
		{0746B43B-0498-4547-8120-1D0549570422}.Debug|Any CPU.ActiveCfg = Debug|Any CPU
		{0746B43B-0498-4547-8120-1D0549570422}.Debug|Any CPU.Build.0 = Debug|Any CPU
		{0746B43B-0498-4547-8120-1D0549570422}.Release|Any CPU.ActiveCfg = Release|Any CPU
		{0746B43B-0498-4547-8120-1D0549570422}.Release|Any CPU.Build.0 = Release|Any CPU
	EndGlobalSection
	GlobalSection(SolutionProperties) = preSolution
		HideSolutionNode = FALSE
	EndGlobalSection
	GlobalSection(ExtensibilityGlobals) = postSolution
		SolutionGuid = {34C2F54A-D7E8-4F91-B0BA-84C4B2469306}
	EndGlobalSection
EndGlobal
